
Microsoft Visual Studio Solution File, Format Version 12.00
# Visual Studio Version 17
VisualStudioVersion = 17.3.32819.101
MinimumVisualStudioVersion = 10.0.40219.1
Project("{8BC9CEB8-8B4A-11D0-8D11-00A0C91BC942}") = "lab_3.3", "lab_3.3\lab_3.3.vcxproj", "{989E3930-65BB-4296-8D48-30DB89E7EC3C}"
EndProject
Global
	GlobalSection(SolutionConfigurationPlatforms) = preSolution
		Debug|x64 = Debug|x64
		Debug|x86 = Debug|x86
		Release|x64 = Release|x64
		Release|x86 = Release|x86
	EndGlobalSection
	GlobalSection(ProjectConfigurationPlatforms) = postSolution
		{989E3930-65BB-4296-8D48-30DB89E7EC3C}.Debug|x64.ActiveCfg = Debug|x64
		{989E3930-65BB-4296-8D48-30DB89E7EC3C}.Debug|x64.Build.0 = Debug|x64
		{989E3930-65BB-4296-8D48-30DB89E7EC3C}.Debug|x86.ActiveCfg = Debug|Win32
		{989E3930-65BB-4296-8D48-30DB89E7EC3C}.Debug|x86.Build.0 = Debug|Win32
		{989E3930-65BB-4296-8D48-30DB89E7EC3C}.Release|x64.ActiveCfg = Release|x64
		{989E3930-65BB-4296-8D48-30DB89E7EC3C}.Release|x64.Build.0 = Release|x64
		{989E3930-65BB-4296-8D48-30DB89E7EC3C}.Release|x86.ActiveCfg = Release|Win32
		{989E3930-65BB-4296-8D48-30DB89E7EC3C}.Release|x86.Build.0 = Release|Win32
	EndGlobalSection
	GlobalSection(SolutionProperties) = preSolution
		HideSolutionNode = FALSE
	EndGlobalSection
	GlobalSection(ExtensibilityGlobals) = postSolution
		SolutionGuid = {E3DF2C58-1954-4A86-AB76-0C1F20291255}
	EndGlobalSection
EndGlobal
